
Microsoft Visual Studio Solution File, Format Version 12.00
# Visual Studio 15
VisualStudioVersion = 15.0.28307.421
MinimumVisualStudioVersion = 10.0.40219.1
Project("{FAE04EC0-301F-11D3-BF4B-00C04F79EFBC}") = "ArithmeticTesting", "ArithmeticTesting\ArithmeticTesting.csproj", "{747D3DA8-AD47-4C0D-83C1-5A9E37FB5E93}"
EndProject
Project("{FAE04EC0-301F-11D3-BF4B-00C04F79EFBC}") = "TestArithmetic", "TestArithmetic\TestArithmetic.csproj", "{894520D8-F8F6-4011-913C-095906B10BE6}"
EndProject
Global
	GlobalSection(SolutionConfigurationPlatforms) = preSolution
		Debug|Any CPU = Debug|Any CPU
		Release|Any CPU = Release|Any CPU
	EndGlobalSection
	GlobalSection(ProjectConfigurationPlatforms) = postSolution
		{747D3DA8-AD47-4C0D-83C1-5A9E37FB5E93}.Debug|Any CPU.ActiveCfg = Debug|Any CPU
		{747D3DA8-AD47-4C0D-83C1-5A9E37FB5E93}.Debug|Any CPU.Build.0 = Debug|Any CPU
		{747D3DA8-AD47-4C0D-83C1-5A9E37FB5E93}.Release|Any CPU.ActiveCfg = Release|Any CPU
		{747D3DA8-AD47-4C0D-83C1-5A9E37FB5E93}.Release|Any CPU.Build.0 = Release|Any CPU
		{894520D8-F8F6-4011-913C-095906B10BE6}.Debug|Any CPU.ActiveCfg = Debug|Any CPU
		{894520D8-F8F6-4011-913C-095906B10BE6}.Debug|Any CPU.Build.0 = Debug|Any CPU
		{894520D8-F8F6-4011-913C-095906B10BE6}.Release|Any CPU.ActiveCfg = Release|Any CPU
		{894520D8-F8F6-4011-913C-095906B10BE6}.Release|Any CPU.Build.0 = Release|Any CPU
	EndGlobalSection
	GlobalSection(SolutionProperties) = preSolution
		HideSolutionNode = FALSE
	EndGlobalSection
	GlobalSection(ExtensibilityGlobals) = postSolution
		SolutionGuid = {25D69562-8A58-47AD-86AF-E42EA5711609}
	EndGlobalSection
EndGlobal
